
Microsoft Visual Studio Solution File, Format Version 12.00
# Visual Studio 2013
VisualStudioVersion = 12.0.21005.1
MinimumVisualStudioVersion = 10.0.40219.1
Project("{FAE04EC0-301F-11D3-BF4B-00C04F79EFBC}") = "Auth", "LoginServer\Auth.csproj", "{3CFBC5A6-F459-45B2-BE96-7B29CC4A276C}"
EndProject
Project("{FAE04EC0-301F-11D3-BF4B-00C04F79EFBC}") = "Shared", "Shared\Shared.csproj", "{EFEC4C71-5AAC-4A96-976C-3C483998F024}"
EndProject
Project("{FAE04EC0-301F-11D3-BF4B-00C04F79EFBC}") = "Game", "Game\Game.csproj", "{8F0EF339-AA1B-4E13-BDCD-B80A2AA86606}"
EndProject
Global
	GlobalSection(SolutionConfigurationPlatforms) = preSolution
		Debug|Any CPU = Debug|Any CPU
		Release|Any CPU = Release|Any CPU
	EndGlobalSection
	GlobalSection(ProjectConfigurationPlatforms) = postSolution
		{3CFBC5A6-F459-45B2-BE96-7B29CC4A276C}.Debug|Any CPU.ActiveCfg = Debug|Any CPU
		{3CFBC5A6-F459-45B2-BE96-7B29CC4A276C}.Debug|Any CPU.Build.0 = Debug|Any CPU
		{3CFBC5A6-F459-45B2-BE96-7B29CC4A276C}.Release|Any CPU.ActiveCfg = Release|Any CPU
		{3CFBC5A6-F459-45B2-BE96-7B29CC4A276C}.Release|Any CPU.Build.0 = Release|Any CPU
		{EFEC4C71-5AAC-4A96-976C-3C483998F024}.Debug|Any CPU.ActiveCfg = Debug|Any CPU
		{EFEC4C71-5AAC-4A96-976C-3C483998F024}.Debug|Any CPU.Build.0 = Debug|Any CPU
		{EFEC4C71-5AAC-4A96-976C-3C483998F024}.Release|Any CPU.ActiveCfg = Release|Any CPU
		{EFEC4C71-5AAC-4A96-976C-3C483998F024}.Release|Any CPU.Build.0 = Release|Any CPU
		{8F0EF339-AA1B-4E13-BDCD-B80A2AA86606}.Debug|Any CPU.ActiveCfg = Debug|Any CPU
		{8F0EF339-AA1B-4E13-BDCD-B80A2AA86606}.Debug|Any CPU.Build.0 = Debug|Any CPU
		{8F0EF339-AA1B-4E13-BDCD-B80A2AA86606}.Release|Any CPU.ActiveCfg = Release|Any CPU
		{8F0EF339-AA1B-4E13-BDCD-B80A2AA86606}.Release|Any CPU.Build.0 = Release|Any CPU
	EndGlobalSection
	GlobalSection(SolutionProperties) = preSolution
		HideSolutionNode = FALSE
	EndGlobalSection
EndGlobal
